{
  "name": "launchlist",
  "version": "0.0.1",
  "lockfileVersion": 1,
  "requires": true,
  "dependencies": {
    "launchlist-default": {
      "version": "0.0.2",
      "resolved": "https://registry.npmjs.org/launchlist-default/-/launchlist-default-0.0.2.tgz",
      "integrity": "sha512-QE+VpYztuan5dQQas95Bn8Qq9GvRBZwfx6rVNUlZD7IomR+hZXbTs+khV9/66bQw71PTthiu9ABk+GKo3APaCQ==",
      "dev": true
    }
  }
}
